// !$*UTF8*$!
{
	archiveVersion = 1;
	classes = {
	};
	objectVersion = 51;
	objects = {

/* Begin PBXBuildFile section */
		465373D2233A5907007CC7AF /* AppDelegate.swift in Sources */ = {isa = PBXBuildFile; fileRef = 465373D1233A5907007CC7AF /* AppDelegate.swift */; };
		465373D4233A5907007CC7AF /* LoginViewController.swift in Sources */ = {isa = PBXBuildFile; fileRef = 465373D3233A5907007CC7AF /* LoginViewController.swift */; };
		465373D7233A5907007CC7AF /* Main.storyboard in Resources */ = {isa = PBXBuildFile; fileRef = 465373D5233A5907007CC7AF /* Main.storyboard */; };
		465373D9233A5909007CC7AF /* Assets.xcassets in Resources */ = {isa = PBXBuildFile; fileRef = 465373D8233A5909007CC7AF /* Assets.xcassets */; };
		465373DC233A5909007CC7AF /* LaunchScreen.storyboard in Resources */ = {isa = PBXBuildFile; fileRef = 465373DA233A5909007CC7AF /* LaunchScreen.storyboard */; };
		465373E6233A6956007CC7AF /* photo.png in Resources */ = {isa = PBXBuildFile; fileRef = 465373E5233A6955007CC7AF /* photo.png */; };
		465373E8233A7814007CC7AF /* PhotoViewController.swift in Sources */ = {isa = PBXBuildFile; fileRef = 465373E7233A7814007CC7AF /* PhotoViewController.swift */; };
		96119004C22976A55D8909DD /* Pods_PhotoBlock.framework in Frameworks */ = {isa = PBXBuildFile; fileRef = 19AFD70E790E890CF7B5442F /* Pods_PhotoBlock.framework */; };
/* End PBXBuildFile section */

/* Begin PBXFileReference section */
		19AFD70E790E890CF7B5442F /* Pods_PhotoBlock.framework */ = {isa = PBXFileReference; explicitFileType = wrapper.framework; includeInIndex = 0; path = Pods_PhotoBlock.framework; sourceTree = BUILT_PRODUCTS_DIR; };
		4445AFD2EA3804DF49F30D8E /* Pods-PhotoBlock.debug.xcconfig */ = {isa = PBXFileReference; includeInIndex = 1; lastKnownFileType = text.xcconfig; name = "Pods-PhotoBlock.debug.xcconfig"; path = "Target Support Files/Pods-PhotoBlock/Pods-PhotoBlock.debug.xcconfig"; sourceTree = "<group>"; };
		465373CE233A5907007CC7AF /* PhotoBlock.app */ = {isa = PBXFileReference; explicitFileType = wrapper.application; includeInIndex = 0; path = PhotoBlock.app; sourceTree = BUILT_PRODUCTS_DIR; };
		465373D1233A5907007CC7AF /* AppDelegate.swift */ = {isa = PBXFileReference; lastKnownFileType = sourcecode.swift; path = AppDelegate.swift; sourceTree = "<group>"; };
		465373D3233A5907007CC7AF /* LoginViewController.swift */ = {isa = PBXFileReference; lastKnownFileType = sourcecode.swift; path = LoginViewController.swift; sourceTree = "<group>"; };
		465373D6233A5907007CC7AF /* Base */ = {isa = PBXFileReference; lastKnownFileType = file.storyboard; name = Base; path = Base.lproj/Main.storyboard; sourceTree = "<group>"; };
		465373D8233A5909007CC7AF /* Assets.xcassets */ = {isa = PBXFileReference; lastKnownFileType = folder.assetcatalog; path = Assets.xcassets; sourceTree = "<group>"; };
		465373DB233A5909007CC7AF /* Base */ = {isa = PBXFileReference; lastKnownFileType = file.storyboard; name = Base; path = Base.lproj/LaunchScreen.storyboard; sourceTree = "<group>"; };
		465373DD233A5909007CC7AF /* Info.plist */ = {isa = PBXFileReference; lastKnownFileType = text.plist.xml; path = Info.plist; sourceTree = "<group>"; };
		465373E5233A6955007CC7AF /* photo.png */ = {isa = PBXFileReference; lastKnownFileType = image.png; path = photo.png; sourceTree = "<group>"; };
		465373E7233A7814007CC7AF /* PhotoViewController.swift */ = {isa = PBXFileReference; lastKnownFileType = sourcecode.swift; path = PhotoViewController.swift; sourceTree = "<group>"; };
		89BD73E66DDF51497DB2988E /* Pods-PhotoBlock.release.xcconfig */ = {isa = PBXFileReference; includeInIndex = 1; lastKnownFileType = text.xcconfig; name = "Pods-PhotoBlock.release.xcconfig"; path = "Target Support Files/Pods-PhotoBlock/Pods-PhotoBlock.release.xcconfig"; sourceTree = "<group>"; };
/* End PBXFileReference section */

/* Begin PBXFrameworksBuildPhase section */
		465373CB233A5907007CC7AF /* Frameworks */ = {
			isa = PBXFrameworksBuildPhase;
			buildActionMask = 2147483647;
			files = (
				96119004C22976A55D8909DD /* Pods_PhotoBlock.framework in Frameworks */,
			);
			runOnlyForDeploymentPostprocessing = 0;
		};
/* End PBXFrameworksBuildPhase section */

/* Begin PBXGroup section */
		465373C5233A5907007CC7AF = {
			isa = PBXGroup;
			children = (
				465373D0233A5907007CC7AF /* PhotoBlock */,
				465373CF233A5907007CC7AF /* Products */,
				51918FACE9B3882A0500F67F /* Pods */,
				EDE0712E665BCE3BD2495919 /* Frameworks */,
			);
			sourceTree = "<group>";
		};
		465373CF233A5907007CC7AF /* Products */ = {
			isa = PBXGroup;
			children = (
				465373CE233A5907007CC7AF /* PhotoBlock.app */,
			);
			name = Products;
			sourceTree = "<group>";
		};
		465373D0233A5907007CC7AF /* PhotoBlock */ = {
			isa = PBXGroup;
			children = (
				465373D1233A5907007CC7AF /* AppDelegate.swift */,
				465373D3233A5907007CC7AF /* LoginViewController.swift */,
				465373D5233A5907007CC7AF /* Main.storyboard */,
				465373D8233A5909007CC7AF /* Assets.xcassets */,
				465373DA233A5909007CC7AF /* LaunchScreen.storyboard */,
				465373DD233A5909007CC7AF /* Info.plist */,
				465373E5233A6955007CC7AF /* photo.png */,
				465373E7233A7814007CC7AF /* PhotoViewController.swift */,
			);
			path = PhotoBlock;
			sourceTree = "<group>";
		};
		51918FACE9B3882A0500F67F /* Pods */ = {
			isa = PBXGroup;
			children = (
				4445AFD2EA3804DF49F30D8E /* Pods-PhotoBlock.debug.xcconfig */,
				89BD73E66DDF51497DB2988E /* Pods-PhotoBlock.release.xcconfig */,
			);
			path = Pods;
			sourceTree = "<group>";
		};
		EDE0712E665BCE3BD2495919 /* Frameworks */ = {
			isa = PBXGroup;
			children = (
				19AFD70E790E890CF7B5442F /* Pods_PhotoBlock.framework */,
			);
			name = Frameworks;
			sourceTree = "<group>";
		};
/* End PBXGroup section */

/* Begin PBXNativeTarget section */
		465373CD233A5907007CC7AF /* PhotoBlock */ = {
			isa = PBXNativeTarget;
			buildConfigurationList = 465373E0233A5909007CC7AF /* Build configuration list for PBXNativeTarget "PhotoBlock" */;
			buildPhases = (
				3F8B5D9E6F58F3404ED3AC48 /* [CP] Check Pods Manifest.lock */,
				465373CA233A5907007CC7AF /* Sources */,
				465373CB233A5907007CC7AF /* Frameworks */,
				465373CC233A5907007CC7AF /* Resources */,
				1BDC350151CA4A12A850C8F0 /* [CP] Embed Pods Frameworks */,
			);
			buildRules = (
			);
			dependencies = (
			);
			name = PhotoBlock;
			productName = PhotoBlock;
			productReference = 465373CE233A5907007CC7AF /* PhotoBlock.app */;
			productType = "com.apple.product-type.application";
		};
/* End PBXNativeTarget section */

/* Begin PBXProject section */
		465373C6233A5907007CC7AF /* Project object */ = {
			isa = PBXProject;
			attributes = {
				LastSwiftUpdateCheck = 1030;
				LastUpgradeCheck = 1030;
				ORGANIZATIONNAME = "Shreyas Thiagaraj";
				TargetAttributes = {
					465373CD233A5907007CC7AF = {
						CreatedOnToolsVersion = 10.3;
					};
				};
			};
			buildConfigurationList = 465373C9233A5907007CC7AF /* Build configuration list for PBXProject "PhotoBlock" */;
			compatibilityVersion = "Xcode 9.3";
			developmentRegion = en;
			hasScannedForEncodings = 0;
			knownRegions = (
				en,
				Base,
			);
			mainGroup = 465373C5233A5907007CC7AF;
			productRefGroup = 465373CF233A5907007CC7AF /* Products */;
			projectDirPath = "";
			projectRoot = "";
			targets = (
				465373CD233A5907007CC7AF /* PhotoBlock */,
			);
		};
/* End PBXProject section */

/* Begin PBXResourcesBuildPhase section */
		465373CC233A5907007CC7AF /* Resources */ = {
			isa = PBXResourcesBuildPhase;
			buildActionMask = 2147483647;
			files = (
				465373DC233A5909007CC7AF /* LaunchScreen.storyboard in Resources */,
				465373D9233A5909007CC7AF /* Assets.xcassets in Resources */,
				465373E6233A6956007CC7AF /* photo.png in Resources */,
				465373D7233A5907007CC7AF /* Main.storyboard in Resources */,
			);
			runOnlyForDeploymentPostprocessing = 0;
		};
/* End PBXResourcesBuildPhase section */

/* Begin PBXShellScriptBuildPhase section */
		1BDC350151CA4A12A850C8F0 /* [CP] Embed Pods Frameworks */ = {
			isa = PBXShellScriptBuildPhase;
			buildActionMask = 2147483647;
			files = (
			);
			inputFileListPaths = (
				"${PODS_ROOT}/Target Support Files/Pods-PhotoBlock/Pods-PhotoBlock-frameworks-${CONFIGURATION}-input-files.xcfilelist",
			);
			name = "[CP] Embed Pods Frameworks";
			outputFileListPaths = (
				"${PODS_ROOT}/Target Support Files/Pods-PhotoBlock/Pods-PhotoBlock-frameworks-${CONFIGURATION}-output-files.xcfilelist",
			);
			runOnlyForDeploymentPostprocessing = 0;
			shellPath = /bin/sh;
			shellScript = "\"${PODS_ROOT}/Target Support Files/Pods-PhotoBlock/Pods-PhotoBlock-frameworks.sh\"\n";
			showEnvVarsInLog = 0;
		};
		3F8B5D9E6F58F3404ED3AC48 /* [CP] Check Pods Manifest.lock */ = {
			isa = PBXShellScriptBuildPhase;
			buildActionMask = 2147483647;
			files = (
			);
			inputFileListPaths = (
			);
			inputPaths = (
				"${PODS_PODFILE_DIR_PATH}/Podfile.lock",
				"${PODS_ROOT}/Manifest.lock",
			);
			name = "[CP] Check Pods Manifest.lock";
			outputFileListPaths = (
			);
			outputPaths = (
				"$(DERIVED_FILE_DIR)/Pods-PhotoBlock-checkManifestLockResult.txt",
			);
			runOnlyForDeploymentPostprocessing = 0;
			shellPath = /bin/sh;
			shellScript = "diff \"${PODS_PODFILE_DIR_PATH}/Podfile.lock\" \"${PODS_ROOT}/Manifest.lock\" > /dev/null\nif [ $? != 0 ] ; then\n    # print error to STDERR\n    echo \"error: The sandbox is not in sync with the Podfile.lock. Run 'pod install' or update your CocoaPods installation.\" >&2\n    exit 1\nfi\n# This output is used by Xcode 'outputs' to avoid re-running this script phase.\necho \"SUCCESS\" > \"${SCRIPT_OUTPUT_FILE_0}\"\n";
			showEnvVarsInLog = 0;
		};
/* End PBXShellScriptBuildPhase section */

/* Begin PBXSourcesBuildPhase section */
		465373CA233A5907007CC7AF /* Sources */ = {
			isa = PBXSourcesBuildPhase;
			buildActionMask = 2147483647;
			files = (
				465373D4233A5907007CC7AF /* LoginViewController.swift in Sources */,
				465373D2233A5907007CC7AF /* AppDelegate.swift in Sources */,
				465373E8233A7814007CC7AF /* PhotoViewController.swift in Sources */,
			);
			runOnlyForDeploymentPostprocessing = 0;
		};
/* End PBXSourcesBuildPhase section */

/* Begin PBXVariantGroup section */
		465373D5233A5907007CC7AF /* Main.storyboard */ = {
			isa = PBXVariantGroup;
			children = (
				465373D6233A5907007CC7AF /* Base */,
			);
			name = Main.storyboard;
			sourceTree = "<group>";
		};
		465373DA233A5909007CC7AF /* LaunchScreen.storyboard */ = {
			isa = PBXVariantGroup;
			children = (
				465373DB233A5909007CC7AF /* Base */,
			);
			name = LaunchScreen.storyboard;
			sourceTree = "<group>";
		};
/* End PBXVariantGroup section */

/* Begin XCBuildConfiguration section */
		465373DE233A5909007CC7AF /* Debug */ = {
			isa = XCBuildConfiguration;
			buildSettings = {
				ALWAYS_SEARCH_USER_PATHS = NO;
				CLANG_ANALYZER_NONNULL = YES;
				CLANG_ANALYZER_NUMBER_OBJECT_CONVERSION = YES_AGGRESSIVE;
				CLANG_CXX_LANGUAGE_STANDARD = "gnu++14";
				CLANG_CXX_LIBRARY = "libc++";
				CLANG_ENABLE_MODULES = YES;
				CLANG_ENABLE_OBJC_ARC = YES;
				CLANG_ENABLE_OBJC_WEAK = YES;
				CLANG_WARN_BLOCK_CAPTURE_AUTORELEASING = YES;
				CLANG_WARN_BOOL_CONVERSION = YES;
				CLANG_WARN_COMMA = YES;
				CLANG_WARN_CONSTANT_CONVERSION = YES;
				CLANG_WARN_DEPRECATED_OBJC_IMPLEMENTATIONS = YES;
				CLANG_WARN_DIRECT_OBJC_ISA_USAGE = YES_ERROR;
				CLANG_WARN_DOCUMENTATION_COMMENTS = YES;
				CLANG_WARN_EMPTY_BODY = YES;
				CLANG_WARN_ENUM_CONVERSION = YES;
				CLANG_WARN_INFINITE_RECURSION = YES;
				CLANG_WARN_INT_CONVERSION = YES;
				CLANG_WARN_NON_LITERAL_NULL_CONVERSION = YES;
				CLANG_WARN_OBJC_IMPLICIT_RETAIN_SELF = YES;
				CLANG_WARN_OBJC_LITERAL_CONVERSION = YES;
				CLANG_WARN_OBJC_ROOT_CLASS = YES_ERROR;
				CLANG_WARN_RANGE_LOOP_ANALYSIS = YES;
				CLANG_WARN_STRICT_PROTOTYPES = YES;
				CLANG_WARN_SUSPICIOUS_MOVE = YES;
				CLANG_WARN_UNGUARDED_AVAILABILITY = YES_AGGRESSIVE;
				CLANG_WARN_UNREACHABLE_CODE = YES;
				CLANG_WARN__DUPLICATE_METHOD_MATCH = YES;
				CODE_SIGN_IDENTITY = "iPhone Developer";
				COPY_PHASE_STRIP = NO;
				DEBUG_INFORMATION_FORMAT = dwarf;
				ENABLE_STRICT_OBJC_MSGSEND = YES;
				ENABLE_TESTABILITY = YES;
				GCC_C_LANGUAGE_STANDARD = gnu11;
				GCC_DYNAMIC_NO_PIC = NO;
				GCC_NO_COMMON_BLOCKS = YES;
				GCC_OPTIMIZATION_LEVEL = 0;
				GCC_PREPROCESSOR_DEFINITIONS = (
					"DEBUG=1",
					"$(inherited)",
				);
				GCC_WARN_64_TO_32_BIT_CONVERSION = YES;
				GCC_WARN_ABOUT_RETURN_TYPE = YES_ERROR;
				GCC_WARN_UNDECLARED_SELECTOR = YES;
				GCC_WARN_UNINITIALIZED_AUTOS = YES_AGGRESSIVE;
				GCC_WARN_UNUSED_FUNCTION = YES;
				GCC_WARN_UNUSED_VARIABLE = YES;
				IPHONEOS_DEPLOYMENT_TARGET = 12.4;
				MTL_ENABLE_DEBUG_INFO = INCLUDE_SOURCE;
				MTL_FAST_MATH = YES;
				ONLY_ACTIVE_ARCH = YES;
				SDKROOT = iphoneos;
				SWIFT_ACTIVE_COMPILATION_CONDITIONS = DEBUG;
				SWIFT_OPTIMIZATION_LEVEL = "-Onone";
			};
			name = Debug;
		};
		465373DF233A5909007CC7AF /* Release */ = {
			isa = XCBuildConfiguration;
			buildSettings = {
				ALWAYS_SEARCH_USER_PATHS = NO;
				CLANG_ANALYZER_NONNULL = YES;
				CLANG_ANALYZER_NUMBER_OBJECT_CONVERSION = YES_AGGRESSIVE;
				CLANG_CXX_LANGUAGE_STANDARD = "gnu++14";
				CLANG_CXX_LIBRARY = "libc++";
				CLANG_ENABLE_MODULES = YES;
				CLANG_ENABLE_OBJC_ARC = YES;
				CLANG_ENABLE_OBJC_WEAK = YES;
				CLANG_WARN_BLOCK_CAPTURE_AUTORELEASING = YES;
				CLANG_WARN_BOOL_CONVERSION = YES;
				CLANG_WARN_COMMA = YES;
				CLANG_WARN_CONSTANT_CONVERSION = YES;
				CLANG_WARN_DEPRECATED_OBJC_IMPLEMENTATIONS = YES;
				CLANG_WARN_DIRECT_OBJC_ISA_USAGE = YES_ERROR;
				CLANG_WARN_DOCUMENTATION_COMMENTS = YES;
				CLANG_WARN_EMPTY_BODY = YES;
				CLANG_WARN_ENUM_CONVERSION = YES;
				CLANG_WARN_INFINITE_RECURSION = YES;
				CLANG_WARN_INT_CONVERSION = YES;
				CLANG_WARN_NON_LITERAL_NULL_CONVERSION = YES;
				CLANG_WARN_OBJC_IMPLICIT_RETAIN_SELF = YES;
				CLANG_WARN_OBJC_LITERAL_CONVERSION = YES;
				CLANG_WARN_OBJC_ROOT_CLASS = YES_ERROR;
				CLANG_WARN_RANGE_LOOP_ANALYSIS = YES;
				CLANG_WARN_STRICT_PROTOTYPES = YES;
				CLANG_WARN_SUSPICIOUS_MOVE = YES;
				CLANG_WARN_UNGUARDED_AVAILABILITY = YES_AGGRESSIVE;
				CLANG_WARN_UNREACHABLE_CODE = YES;
				CLANG_WARN__DUPLICATE_METHOD_MATCH = YES;
				CODE_SIGN_IDENTITY = "iPhone Developer";
				COPY_PHASE_STRIP = NO;
				DEBUG_INFORMATION_FORMAT = "dwarf-with-dsym";
				ENABLE_NS_ASSERTIONS = NO;
				ENABLE_STRICT_OBJC_MSGSEND = YES;
				GCC_C_LANGUAGE_STANDARD = gnu11;
				GCC_NO_COMMON_BLOCKS = YES;
				GCC_WARN_64_TO_32_BIT_CONVERSION = YES;
				GCC_WARN_ABOUT_RETURN_TYPE = YES_ERROR;
				GCC_WARN_UNDECLARED_SELECTOR = YES;
				GCC_WARN_UNINITIALIZED_AUTOS = YES_AGGRESSIVE;
				GCC_WARN_UNUSED_FUNCTION = YES;
				GCC_WARN_UNUSED_VARIABLE = YES;
				IPHONEOS_DEPLOYMENT_TARGET = 12.4;
				MTL_ENABLE_DEBUG_INFO = NO;
				MTL_FAST_MATH = YES;
				SDKROOT = iphoneos;
				SWIFT_COMPILATION_MODE = wholemodule;
				SWIFT_OPTIMIZATION_LEVEL = "-O";
				VALIDATE_PRODUCT = YES;
			};
			name = Release;
		};
		465373E1233A5909007CC7AF /* Debug */ = {
			isa = XCBuildConfiguration;
			baseConfigurationReference = 4445AFD2EA3804DF49F30D8E /* Pods-PhotoBlock.debug.xcconfig */;
			buildSettings = {
				ASSETCATALOG_COMPILER_APPICON_NAME = AppIcon;
				CODE_SIGN_STYLE = Automatic;
				DEVELOPMENT_TEAM = AY3JH3T849;
				INFOPLIST_FILE = PhotoBlock/Info.plist;
				IPHONEOS_DEPLOYMENT_TARGET = 11.0;
				LD_RUNPATH_SEARCH_PATHS = (
					"$(inherited)",
					"@executable_path/Frameworks",
				);
				PRODUCT_BUNDLE_IDENTIFIER = Blockstack.PhotoBlock;
				PRODUCT_NAME = "$(TARGET_NAME)";
				SWIFT_VERSION = 5.0;
				TARGETED_DEVICE_FAMILY = 1;
			};
			name = Debug;
		};
		465373E2233A5909007CC7AF /* Release */ = {
			isa = XCBuildConfiguration;
			baseConfigurationReference = 89BD73E66DDF51497DB2988E /* Pods-PhotoBlock.release.xcconfig */;
			buildSettings = {
				ASSETCATALOG_COMPILER_APPICON_NAME = AppIcon;
				CODE_SIGN_STYLE = Automatic;
				DEVELOPMENT_TEAM = AY3JH3T849;
				INFOPLIST_FILE = PhotoBlock/Info.plist;
				IPHONEOS_DEPLOYMENT_TARGET = 11.0;
				LD_RUNPATH_SEARCH_PATHS = (
					"$(inherited)",
					"@executable_path/Frameworks",
				);
				PRODUCT_BUNDLE_IDENTIFIER = Blockstack.PhotoBlock;
				PRODUCT_NAME = "$(TARGET_NAME)";
				SWIFT_VERSION = 5.0;
				TARGETED_DEVICE_FAMILY = 1;
			};
			name = Release;
		};
/* End XCBuildConfiguration section */

/* Begin XCConfigurationList section */
		465373C9233A5907007CC7AF /* Build configuration list for PBXProject "PhotoBlock" */ = {
			isa = XCConfigurationList;
			buildConfigurations = (
				465373DE233A5909007CC7AF /* Debug */,
				465373DF233A5909007CC7AF /* Release */,
			);
			defaultConfigurationIsVisible = 0;
			defaultConfigurationName = Release;
		};
		465373E0233A5909007CC7AF /* Build configuration list for PBXNativeTarget "PhotoBlock" */ = {
			isa = XCConfigurationList;
			buildConfigurations = (
				465373E1233A5909007CC7AF /* Debug */,
				465373E2233A5909007CC7AF /* Release */,
			);
			defaultConfigurationIsVisible = 0;
			defaultConfigurationName = Release;
		};
/* End XCConfigurationList section */
	};
	rootObject = 465373C6233A5907007CC7AF /* Project object */;
}
